schema: '2.0'
stages:
  load_data:
    cmd: python src\load_data.py --config=params.yaml
    deps:
    - path: data_given\employee.csv
      md5: f82da769b584928fe24e9f7885ad09d5
      size: 227977
    - path: src\get_data.py
      md5: edce84cd0f5bd6dc2932b98eee7aa770
      size: 899
    - path: src\load_data.py
      md5: 9a530afdb8faa05266721060f3d48f6f
      size: 1080
    outs:
    - path: data\raw\employee.csv
      md5: b5dc7740f3b301dff179752bcdb11d2e
      size: 119540
  split_data:
    cmd: python src\split_data.py --config=params.yaml
    deps:
    - path: data\raw\employee.csv
      md5: b5dc7740f3b301dff179752bcdb11d2e
      size: 119540
    - path: src\split_data.py
      md5: f4ddba1134b731e5b299143a10bea3ba
      size: 1007
    outs:
    - path: data\processed\test_employee.csv
      md5: 12ddc5caf4dae6bb7d99a3e1c8cf2e5e
      size: 36193
    - path: data\processed\train_employee.csv
      md5: 5388b4e2772ede12e38608471d1134e0
      size: 83826
  train_and_evaluate:
    cmd: python src/train_and_evaluate.py --config=params.yaml
    deps:
    - path: data/processed/test_employee.csv
      md5: 12ddc5caf4dae6bb7d99a3e1c8cf2e5e
      size: 36193
    - path: data/processed/train_employee.csv
      md5: 5388b4e2772ede12e38608471d1134e0
      size: 83826
    - path: src/train_and_evaluate.py
      md5: b835f0158618b0ce348d008bea1bc6b1
      size: 2639
    params:
      params.yaml:
        estimators.RandomForestClassifier.params.max_feature: 7
        estimators.RandomForestClassifier.params.n_estimators: 100
    outs:
    - path: report\param.json
      md5: 0e82ff4e27579b388dc39747246f3cd9
      size: 51
    - path: report\scores.json
      md5: 68952c71d58db924ae278c7d4e5774eb
      size: 35
    - path: saved_models/model.joblib
      md5: a8f0480972ed17170c8432c6ea29cd51
      size: 344
