schema: '2.0'
stages:
  load_data:
    cmd: python src\load_data.py --config=params.yaml
    deps:
    - path: data_given\employee.csv
      md5: f82da769b584928fe24e9f7885ad09d5
      size: 227977
    - path: src\get_data.py
      md5: edce84cd0f5bd6dc2932b98eee7aa770
      size: 899
    - path: src\load_data.py
      md5: 01475fabe417a581ce1e513f9cc6fdf0
      size: 2086
    outs:
    - path: data\raw\employee.csv
      md5: 9dc0a16ab99aac5c42ac69db8bdb8f7e
      size: 72243
  split_data:
    cmd: python src\split_data.py --config=params.yaml
    deps:
    - path: data\raw\employee.csv
      md5: 9dc0a16ab99aac5c42ac69db8bdb8f7e
      size: 72243
    - path: src\split_data.py
      md5: 88b6b652586d255d2c923ebfa4b3c733
      size: 1043
    outs:
    - path: data\processed\test_employee.csv
      md5: 54edaa12bcbdb5858242d25216f7c85c
      size: 21836
    - path: data\processed\train_employee.csv
      md5: 4819ea1e546da90290cfcdc3f82da3b6
      size: 50648
  train_and_evaluate:
    cmd: python src/train_and_evaluate.py --config=params.yaml
    deps:
    - path: data/processed/test_employee.csv
      md5: 54edaa12bcbdb5858242d25216f7c85c
      size: 21836
    - path: data/processed/train_employee.csv
      md5: 4819ea1e546da90290cfcdc3f82da3b6
      size: 50648
    - path: src/train_and_evaluate.py
      md5: 4414759aa033f3fa31d40b3c6bbb47bc
      size: 2701
    params:
      params.yaml:
        estimators.RandomForestClassifier.params.max_feature: 7
        estimators.RandomForestClassifier.params.n_estimators: 100
    outs:
    - path: report\param.json
      md5: 0e82ff4e27579b388dc39747246f3cd9
      size: 51
    - path: report\scores.json
      md5: 68952c71d58db924ae278c7d4e5774eb
      size: 35
    - path: saved_models/finalized_model.sav
      md5: b6aff2acfea4a5f099b30459be6a712c
      size: 344
